// !$*UTF8*$!
{
	archiveVersion = 1;
	classes = {
	};
	objectVersion = 56;
	objects = {

/* Begin PBXBuildFile section */
		BF2FE778291D3A1800F3962B /* OperationsModel.swift in Sources */ = {isa = PBXBuildFile; fileRef = BF2FE777291D3A1800F3962B /* OperationsModel.swift */; };
		BF2FE77A291D3B0D00F3962B /* CalculationModel.swift in Sources */ = {isa = PBXBuildFile; fileRef = BF2FE779291D3B0D00F3962B /* CalculationModel.swift */; };
		BF5A4F45292294B4004D2831 /* Double + Extensions.swift in Sources */ = {isa = PBXBuildFile; fileRef = BF5A4F44292294B4004D2831 /* Double + Extensions.swift */; };
		BF5A4F4929229809004D2831 /* String + Extension.swift in Sources */ = {isa = PBXBuildFile; fileRef = BF5A4F4829229809004D2831 /* String + Extension.swift */; };
		BFE5016C291C05B60043A319 /* AppDelegate.swift in Sources */ = {isa = PBXBuildFile; fileRef = BFE5016B291C05B60043A319 /* AppDelegate.swift */; };
		BFE5016E291C05B60043A319 /* SceneDelegate.swift in Sources */ = {isa = PBXBuildFile; fileRef = BFE5016D291C05B60043A319 /* SceneDelegate.swift */; };
		BFE50170291C05B60043A319 /* MainViewController.swift in Sources */ = {isa = PBXBuildFile; fileRef = BFE5016F291C05B60043A319 /* MainViewController.swift */; };
		BFE50175291C05B60043A319 /* Assets.xcassets in Resources */ = {isa = PBXBuildFile; fileRef = BFE50174291C05B60043A319 /* Assets.xcassets */; };
		BFE50178291C05B60043A319 /* LaunchScreen.storyboard in Resources */ = {isa = PBXBuildFile; fileRef = BFE50176291C05B60043A319 /* LaunchScreen.storyboard */; };
		BFE50185291C0B190043A319 /* MainStackView.swift in Sources */ = {isa = PBXBuildFile; fileRef = BFE50184291C0B190043A319 /* MainStackView.swift */; };
		BFE50188291C0FB70043A319 /* UIStackView + Extensions.swift in Sources */ = {isa = PBXBuildFile; fileRef = BFE50187291C0FB70043A319 /* UIStackView + Extensions.swift */; };
/* End PBXBuildFile section */

/* Begin PBXFileReference section */
		BF2FE777291D3A1800F3962B /* OperationsModel.swift */ = {isa = PBXFileReference; lastKnownFileType = sourcecode.swift; path = OperationsModel.swift; sourceTree = "<group>"; };
		BF2FE779291D3B0D00F3962B /* CalculationModel.swift */ = {isa = PBXFileReference; lastKnownFileType = sourcecode.swift; path = CalculationModel.swift; sourceTree = "<group>"; };
		BF5A4F44292294B4004D2831 /* Double + Extensions.swift */ = {isa = PBXFileReference; lastKnownFileType = sourcecode.swift; path = "Double + Extensions.swift"; sourceTree = "<group>"; };
		BF5A4F4829229809004D2831 /* String + Extension.swift */ = {isa = PBXFileReference; lastKnownFileType = sourcecode.swift; path = "String + Extension.swift"; sourceTree = "<group>"; };
		BFE50168291C05B60043A319 /* Calculator.app */ = {isa = PBXFileReference; explicitFileType = wrapper.application; includeInIndex = 0; path = Calculator.app; sourceTree = BUILT_PRODUCTS_DIR; };
		BFE5016B291C05B60043A319 /* AppDelegate.swift */ = {isa = PBXFileReference; lastKnownFileType = sourcecode.swift; path = AppDelegate.swift; sourceTree = "<group>"; };
		BFE5016D291C05B60043A319 /* SceneDelegate.swift */ = {isa = PBXFileReference; lastKnownFileType = sourcecode.swift; path = SceneDelegate.swift; sourceTree = "<group>"; };
		BFE5016F291C05B60043A319 /* MainViewController.swift */ = {isa = PBXFileReference; lastKnownFileType = sourcecode.swift; path = MainViewController.swift; sourceTree = "<group>"; };
		BFE50174291C05B60043A319 /* Assets.xcassets */ = {isa = PBXFileReference; lastKnownFileType = folder.assetcatalog; path = Assets.xcassets; sourceTree = "<group>"; };
		BFE50177291C05B60043A319 /* Base */ = {isa = PBXFileReference; lastKnownFileType = file.storyboard; name = Base; path = Base.lproj/LaunchScreen.storyboard; sourceTree = "<group>"; };
		BFE50179291C05B60043A319 /* Info.plist */ = {isa = PBXFileReference; lastKnownFileType = text.plist.xml; path = Info.plist; sourceTree = "<group>"; };
		BFE50184291C0B190043A319 /* MainStackView.swift */ = {isa = PBXFileReference; lastKnownFileType = sourcecode.swift; path = MainStackView.swift; sourceTree = "<group>"; };
		BFE50187291C0FB70043A319 /* UIStackView + Extensions.swift */ = {isa = PBXFileReference; lastKnownFileType = sourcecode.swift; path = "UIStackView + Extensions.swift"; sourceTree = "<group>"; };
/* End PBXFileReference section */

/* Begin PBXFrameworksBuildPhase section */
		BFE50165291C05B60043A319 /* Frameworks */ = {
			isa = PBXFrameworksBuildPhase;
			buildActionMask = 2147483647;
			files = (
			);
			runOnlyForDeploymentPostprocessing = 0;
		};
/* End PBXFrameworksBuildPhase section */

/* Begin PBXGroup section */
		BFE5015F291C05B60043A319 = {
			isa = PBXGroup;
			children = (
				BFE5016A291C05B60043A319 /* Calculator */,
				BFE50169291C05B60043A319 /* Products */,
			);
			sourceTree = "<group>";
		};
		BFE50169291C05B60043A319 /* Products */ = {
			isa = PBXGroup;
			children = (
				BFE50168291C05B60043A319 /* Calculator.app */,
			);
			name = Products;
			sourceTree = "<group>";
		};
		BFE5016A291C05B60043A319 /* Calculator */ = {
			isa = PBXGroup;
			children = (
				BFE5017F291C09570043A319 /* Application  */,
				BFE50181291C0A330043A319 /* Models */,
				BFE50182291C0A3D0043A319 /* Views */,
				BFE50183291C0A4D0043A319 /* Controllers */,
				BFE50186291C0F720043A319 /* Extensions */,
				BFE50180291C096F0043A319 /* SupportingFiles */,
			);
			path = Calculator;
			sourceTree = "<group>";
		};
		BFE5017F291C09570043A319 /* Application  */ = {
			isa = PBXGroup;
			children = (
				BFE5016B291C05B60043A319 /* AppDelegate.swift */,
				BFE5016D291C05B60043A319 /* SceneDelegate.swift */,
			);
			path = "Application ";
			sourceTree = "<group>";
		};
		BFE50180291C096F0043A319 /* SupportingFiles */ = {
			isa = PBXGroup;
			children = (
				BFE50174291C05B60043A319 /* Assets.xcassets */,
				BFE50176291C05B60043A319 /* LaunchScreen.storyboard */,
				BFE50179291C05B60043A319 /* Info.plist */,
			);
			path = SupportingFiles;
			sourceTree = "<group>";
		};
		BFE50181291C0A330043A319 /* Models */ = {
			isa = PBXGroup;
			children = (
				BF2FE777291D3A1800F3962B /* OperationsModel.swift */,
				BF2FE779291D3B0D00F3962B /* CalculationModel.swift */,
			);
			path = Models;
			sourceTree = "<group>";
		};
		BFE50182291C0A3D0043A319 /* Views */ = {
			isa = PBXGroup;
			children = (
				BFE50184291C0B190043A319 /* MainStackView.swift */,
			);
			path = Views;
			sourceTree = "<group>";
		};
		BFE50183291C0A4D0043A319 /* Controllers */ = {
			isa = PBXGroup;
			children = (
				BFE5016F291C05B60043A319 /* MainViewController.swift */,
			);
			path = Controllers;
			sourceTree = "<group>";
		};
		BFE50186291C0F720043A319 /* Extensions */ = {
			isa = PBXGroup;
			children = (
				BFE50187291C0FB70043A319 /* UIStackView + Extensions.swift */,
				BF5A4F44292294B4004D2831 /* Double + Extensions.swift */,
				BF5A4F4829229809004D2831 /* String + Extension.swift */,
			);
			path = Extensions;
			sourceTree = "<group>";
		};
/* End PBXGroup section */

/* Begin PBXNativeTarget section */
		BFE50167291C05B60043A319 /* Calculator */ = {
			isa = PBXNativeTarget;
			buildConfigurationList = BFE5017C291C05B60043A319 /* Build configuration list for PBXNativeTarget "Calculator" */;
			buildPhases = (
				BFE50164291C05B60043A319 /* Sources */,
				BFE50165291C05B60043A319 /* Frameworks */,
				BFE50166291C05B60043A319 /* Resources */,
			);
			buildRules = (
			);
			dependencies = (
			);
			name = Calculator;
			productName = Calculator;
			productReference = BFE50168291C05B60043A319 /* Calculator.app */;
			productType = "com.apple.product-type.application";
		};
/* End PBXNativeTarget section */

/* Begin PBXProject section */
		BFE50160291C05B60043A319 /* Project object */ = {
			isa = PBXProject;
			attributes = {
				BuildIndependentTargetsInParallel = 1;
				LastSwiftUpdateCheck = 1410;
				LastUpgradeCheck = 1410;
				TargetAttributes = {
					BFE50167291C05B60043A319 = {
						CreatedOnToolsVersion = 14.1;
					};
				};
			};
			buildConfigurationList = BFE50163291C05B60043A319 /* Build configuration list for PBXProject "Calculator" */;
			compatibilityVersion = "Xcode 14.0";
			developmentRegion = en;
			hasScannedForEncodings = 0;
			knownRegions = (
				en,
				Base,
			);
			mainGroup = BFE5015F291C05B60043A319;
			productRefGroup = BFE50169291C05B60043A319 /* Products */;
			projectDirPath = "";
			projectRoot = "";
			targets = (
				BFE50167291C05B60043A319 /* Calculator */,
			);
		};
/* End PBXProject section */

/* Begin PBXResourcesBuildPhase section */
		BFE50166291C05B60043A319 /* Resources */ = {
			isa = PBXResourcesBuildPhase;
			buildActionMask = 2147483647;
			files = (
				BFE50178291C05B60043A319 /* LaunchScreen.storyboard in Resources */,
				BFE50175291C05B60043A319 /* Assets.xcassets in Resources */,
			);
			runOnlyForDeploymentPostprocessing = 0;
		};
/* End PBXResourcesBuildPhase section */

/* Begin PBXSourcesBuildPhase section */
		BFE50164291C05B60043A319 /* Sources */ = {
			isa = PBXSourcesBuildPhase;
			buildActionMask = 2147483647;
			files = (
				BFE50185291C0B190043A319 /* MainStackView.swift in Sources */,
				BFE50170291C05B60043A319 /* MainViewController.swift in Sources */,
				BF5A4F45292294B4004D2831 /* Double + Extensions.swift in Sources */,
				BF2FE77A291D3B0D00F3962B /* CalculationModel.swift in Sources */,
				BFE5016C291C05B60043A319 /* AppDelegate.swift in Sources */,
				BF5A4F4929229809004D2831 /* String + Extension.swift in Sources */,
				BFE50188291C0FB70043A319 /* UIStackView + Extensions.swift in Sources */,
				BFE5016E291C05B60043A319 /* SceneDelegate.swift in Sources */,
				BF2FE778291D3A1800F3962B /* OperationsModel.swift in Sources */,
			);
			runOnlyForDeploymentPostprocessing = 0;
		};
/* End PBXSourcesBuildPhase section */

/* Begin PBXVariantGroup section */
		BFE50176291C05B60043A319 /* LaunchScreen.storyboard */ = {
			isa = PBXVariantGroup;
			children = (
				BFE50177291C05B60043A319 /* Base */,
			);
			name = LaunchScreen.storyboard;
			sourceTree = "<group>";
		};
/* End PBXVariantGroup section */

/* Begin XCBuildConfiguration section */
		BFE5017A291C05B60043A319 /* Debug */ = {
			isa = XCBuildConfiguration;
			buildSettings = {
				ALWAYS_SEARCH_USER_PATHS = NO;
				CLANG_ANALYZER_NONNULL = YES;
				CLANG_ANALYZER_NUMBER_OBJECT_CONVERSION = YES_AGGRESSIVE;
				CLANG_CXX_LANGUAGE_STANDARD = "gnu++20";
				CLANG_ENABLE_MODULES = YES;
				CLANG_ENABLE_OBJC_ARC = YES;
				CLANG_ENABLE_OBJC_WEAK = YES;
				CLANG_WARN_BLOCK_CAPTURE_AUTORELEASING = YES;
				CLANG_WARN_BOOL_CONVERSION = YES;
				CLANG_WARN_COMMA = YES;
				CLANG_WARN_CONSTANT_CONVERSION = YES;
				CLANG_WARN_DEPRECATED_OBJC_IMPLEMENTATIONS = YES;
				CLANG_WARN_DIRECT_OBJC_ISA_USAGE = YES_ERROR;
				CLANG_WARN_DOCUMENTATION_COMMENTS = YES;
				CLANG_WARN_EMPTY_BODY = YES;
				CLANG_WARN_ENUM_CONVERSION = YES;
				CLANG_WARN_INFINITE_RECURSION = YES;
				CLANG_WARN_INT_CONVERSION = YES;
				CLANG_WARN_NON_LITERAL_NULL_CONVERSION = YES;
				CLANG_WARN_OBJC_IMPLICIT_RETAIN_SELF = YES;
				CLANG_WARN_OBJC_LITERAL_CONVERSION = YES;
				CLANG_WARN_OBJC_ROOT_CLASS = YES_ERROR;
				CLANG_WARN_QUOTED_INCLUDE_IN_FRAMEWORK_HEADER = YES;
				CLANG_WARN_RANGE_LOOP_ANALYSIS = YES;
				CLANG_WARN_STRICT_PROTOTYPES = YES;
				CLANG_WARN_SUSPICIOUS_MOVE = YES;
				CLANG_WARN_UNGUARDED_AVAILABILITY = YES_AGGRESSIVE;
				CLANG_WARN_UNREACHABLE_CODE = YES;
				CLANG_WARN__DUPLICATE_METHOD_MATCH = YES;
				COPY_PHASE_STRIP = NO;
				DEBUG_INFORMATION_FORMAT = dwarf;
				ENABLE_STRICT_OBJC_MSGSEND = YES;
				ENABLE_TESTABILITY = YES;
				GCC_C_LANGUAGE_STANDARD = gnu11;
				GCC_DYNAMIC_NO_PIC = NO;
				GCC_NO_COMMON_BLOCKS = YES;
				GCC_OPTIMIZATION_LEVEL = 0;
				GCC_PREPROCESSOR_DEFINITIONS = (
					"DEBUG=1",
					"$(inherited)",
				);
				GCC_WARN_64_TO_32_BIT_CONVERSION = YES;
				GCC_WARN_ABOUT_RETURN_TYPE = YES_ERROR;
				GCC_WARN_UNDECLARED_SELECTOR = YES;
				GCC_WARN_UNINITIALIZED_AUTOS = YES_AGGRESSIVE;
				GCC_WARN_UNUSED_FUNCTION = YES;
				GCC_WARN_UNUSED_VARIABLE = YES;
				IPHONEOS_DEPLOYMENT_TARGET = 16.1;
				MTL_ENABLE_DEBUG_INFO = INCLUDE_SOURCE;
				MTL_FAST_MATH = YES;
				ONLY_ACTIVE_ARCH = YES;
				SDKROOT = iphoneos;
				SWIFT_ACTIVE_COMPILATION_CONDITIONS = DEBUG;
				SWIFT_OPTIMIZATION_LEVEL = "-Onone";
			};
			name = Debug;
		};
		BFE5017B291C05B60043A319 /* Release */ = {
			isa = XCBuildConfiguration;
			buildSettings = {
				ALWAYS_SEARCH_USER_PATHS = NO;
				CLANG_ANALYZER_NONNULL = YES;
				CLANG_ANALYZER_NUMBER_OBJECT_CONVERSION = YES_AGGRESSIVE;
				CLANG_CXX_LANGUAGE_STANDARD = "gnu++20";
				CLANG_ENABLE_MODULES = YES;
				CLANG_ENABLE_OBJC_ARC = YES;
				CLANG_ENABLE_OBJC_WEAK = YES;
				CLANG_WARN_BLOCK_CAPTURE_AUTORELEASING = YES;
				CLANG_WARN_BOOL_CONVERSION = YES;
				CLANG_WARN_COMMA = YES;
				CLANG_WARN_CONSTANT_CONVERSION = YES;
				CLANG_WARN_DEPRECATED_OBJC_IMPLEMENTATIONS = YES;
				CLANG_WARN_DIRECT_OBJC_ISA_USAGE = YES_ERROR;
				CLANG_WARN_DOCUMENTATION_COMMENTS = YES;
				CLANG_WARN_EMPTY_BODY = YES;
				CLANG_WARN_ENUM_CONVERSION = YES;
				CLANG_WARN_INFINITE_RECURSION = YES;
				CLANG_WARN_INT_CONVERSION = YES;
				CLANG_WARN_NON_LITERAL_NULL_CONVERSION = YES;
				CLANG_WARN_OBJC_IMPLICIT_RETAIN_SELF = YES;
				CLANG_WARN_OBJC_LITERAL_CONVERSION = YES;
				CLANG_WARN_OBJC_ROOT_CLASS = YES_ERROR;
				CLANG_WARN_QUOTED_INCLUDE_IN_FRAMEWORK_HEADER = YES;
				CLANG_WARN_RANGE_LOOP_ANALYSIS = YES;
				CLANG_WARN_STRICT_PROTOTYPES = YES;
				CLANG_WARN_SUSPICIOUS_MOVE = YES;
				CLANG_WARN_UNGUARDED_AVAILABILITY = YES_AGGRESSIVE;
				CLANG_WARN_UNREACHABLE_CODE = YES;
				CLANG_WARN__DUPLICATE_METHOD_MATCH = YES;
				COPY_PHASE_STRIP = NO;
				DEBUG_INFORMATION_FORMAT = "dwarf-with-dsym";
				ENABLE_NS_ASSERTIONS = NO;
				ENABLE_STRICT_OBJC_MSGSEND = YES;
				GCC_C_LANGUAGE_STANDARD = gnu11;
				GCC_NO_COMMON_BLOCKS = YES;
				GCC_WARN_64_TO_32_BIT_CONVERSION = YES;
				GCC_WARN_ABOUT_RETURN_TYPE = YES_ERROR;
				GCC_WARN_UNDECLARED_SELECTOR = YES;
				GCC_WARN_UNINITIALIZED_AUTOS = YES_AGGRESSIVE;
				GCC_WARN_UNUSED_FUNCTION = YES;
				GCC_WARN_UNUSED_VARIABLE = YES;
				IPHONEOS_DEPLOYMENT_TARGET = 16.1;
				MTL_ENABLE_DEBUG_INFO = NO;
				MTL_FAST_MATH = YES;
				SDKROOT = iphoneos;
				SWIFT_COMPILATION_MODE = wholemodule;
				SWIFT_OPTIMIZATION_LEVEL = "-O";
				VALIDATE_PRODUCT = YES;
			};
			name = Release;
		};
		BFE5017D291C05B60043A319 /* Debug */ = {
			isa = XCBuildConfiguration;
			buildSettings = {
				ASSETCATALOG_COMPILER_APPICON_NAME = AppIcon;
				ASSETCATALOG_COMPILER_GLOBAL_ACCENT_COLOR_NAME = AccentColor;
				CODE_SIGN_STYLE = Automatic;
				CURRENT_PROJECT_VERSION = 1;
				DEVELOPMENT_TEAM = Y6Z9MZV59H;
				GENERATE_INFOPLIST_FILE = YES;
				INFOPLIST_FILE = Calculator/SupportingFiles/Info.plist;
				INFOPLIST_KEY_UIApplicationSupportsIndirectInputEvents = YES;
				INFOPLIST_KEY_UILaunchStoryboardName = LaunchScreen;
				INFOPLIST_KEY_UISupportedInterfaceOrientations = UIInterfaceOrientationPortrait;
				INFOPLIST_KEY_UISupportedInterfaceOrientations_iPad = "UIInterfaceOrientationLandscapeLeft UIInterfaceOrientationLandscapeRight UIInterfaceOrientationPortrait UIInterfaceOrientationPortraitUpsideDown";
				IPHONEOS_DEPLOYMENT_TARGET = 16.0;
				LD_RUNPATH_SEARCH_PATHS = (
					"$(inherited)",
					"@executable_path/Frameworks",
				);
				MARKETING_VERSION = 1.0;
				PRODUCT_BUNDLE_IDENTIFIER = com.my.Calculator;
				PRODUCT_NAME = "$(TARGET_NAME)";
				SUPPORTED_PLATFORMS = "iphoneos iphonesimulator";
				SUPPORTS_MACCATALYST = NO;
				SUPPORTS_MAC_DESIGNED_FOR_IPHONE_IPAD = NO;
				SWIFT_EMIT_LOC_STRINGS = YES;
				SWIFT_VERSION = 5.0;
				TARGETED_DEVICE_FAMILY = 1;
			};
			name = Debug;
		};
		BFE5017E291C05B60043A319 /* Release */ = {
			isa = XCBuildConfiguration;
			buildSettings = {
				ASSETCATALOG_COMPILER_APPICON_NAME = AppIcon;
				ASSETCATALOG_COMPILER_GLOBAL_ACCENT_COLOR_NAME = AccentColor;
				CODE_SIGN_STYLE = Automatic;
				CURRENT_PROJECT_VERSION = 1;
				DEVELOPMENT_TEAM = Y6Z9MZV59H;
				GENERATE_INFOPLIST_FILE = YES;
				INFOPLIST_FILE = Calculator/SupportingFiles/Info.plist;
				INFOPLIST_KEY_UIApplicationSupportsIndirectInputEvents = YES;
				INFOPLIST_KEY_UILaunchStoryboardName = LaunchScreen;
				INFOPLIST_KEY_UISupportedInterfaceOrientations = UIInterfaceOrientationPortrait;
				INFOPLIST_KEY_UISupportedInterfaceOrientations_iPad = "UIInterfaceOrientationLandscapeLeft UIInterfaceOrientationLandscapeRight UIInterfaceOrientationPortrait UIInterfaceOrientationPortraitUpsideDown";
				IPHONEOS_DEPLOYMENT_TARGET = 16.0;
				LD_RUNPATH_SEARCH_PATHS = (
					"$(inherited)",
					"@executable_path/Frameworks",
				);
				MARKETING_VERSION = 1.0;
				PRODUCT_BUNDLE_IDENTIFIER = com.my.Calculator;
				PRODUCT_NAME = "$(TARGET_NAME)";
				SUPPORTED_PLATFORMS = "iphoneos iphonesimulator";
				SUPPORTS_MACCATALYST = NO;
				SUPPORTS_MAC_DESIGNED_FOR_IPHONE_IPAD = NO;
				SWIFT_EMIT_LOC_STRINGS = YES;
				SWIFT_VERSION = 5.0;
				TARGETED_DEVICE_FAMILY = 1;
			};
			name = Release;
		};
/* End XCBuildConfiguration section */

/* Begin XCConfigurationList section */
		BFE50163291C05B60043A319 /* Build configuration list for PBXProject "Calculator" */ = {
			isa = XCConfigurationList;
			buildConfigurations = (
				BFE5017A291C05B60043A319 /* Debug */,
				BFE5017B291C05B60043A319 /* Release */,
			);
			defaultConfigurationIsVisible = 0;
			defaultConfigurationName = Release;
		};
		BFE5017C291C05B60043A319 /* Build configuration list for PBXNativeTarget "Calculator" */ = {
			isa = XCConfigurationList;
			buildConfigurations = (
				BFE5017D291C05B60043A319 /* Debug */,
				BFE5017E291C05B60043A319 /* Release */,
			);
			defaultConfigurationIsVisible = 0;
			defaultConfigurationName = Release;
		};
/* End XCConfigurationList section */
	};
	rootObject = BFE50160291C05B60043A319 /* Project object */;
}
